// !$*UTF8*$!
{
	archiveVersion = 1;
	classes = {
	};
	objectVersion = 46;
	objects = {

/* Begin PBXBuildFile section */
		E5E70D181EE554050097E5AE /* main.m in Sources */ = {isa = PBXBuildFile; fileRef = E5E70D171EE554050097E5AE /* main.m */; };
		E5E70D1B1EE554050097E5AE /* AppDelegate.m in Sources */ = {isa = PBXBuildFile; fileRef = E5E70D1A1EE554050097E5AE /* AppDelegate.m */; };
		E5E70D1E1EE554050097E5AE /* ViewController.m in Sources */ = {isa = PBXBuildFile; fileRef = E5E70D1D1EE554050097E5AE /* ViewController.m */; };
		E5E70D211EE554050097E5AE /* Main.storyboard in Resources */ = {isa = PBXBuildFile; fileRef = E5E70D1F1EE554050097E5AE /* Main.storyboard */; };
		E5E70D241EE554050097E5AE /* cloneRetailApp.xcdatamodeld in Sources */ = {isa = PBXBuildFile; fileRef = E5E70D221EE554050097E5AE /* cloneRetailApp.xcdatamodeld */; };
		E5E70D261EE554050097E5AE /* Assets.xcassets in Resources */ = {isa = PBXBuildFile; fileRef = E5E70D251EE554050097E5AE /* Assets.xcassets */; };
		E5E70D291EE554050097E5AE /* LaunchScreen.storyboard in Resources */ = {isa = PBXBuildFile; fileRef = E5E70D271EE554050097E5AE /* LaunchScreen.storyboard */; };
		E5E70D341EE554060097E5AE /* cloneRetailAppTests.m in Sources */ = {isa = PBXBuildFile; fileRef = E5E70D331EE554060097E5AE /* cloneRetailAppTests.m */; };
		E5E70D3F1EE554060097E5AE /* cloneRetailAppUITests.m in Sources */ = {isa = PBXBuildFile; fileRef = E5E70D3E1EE554060097E5AE /* cloneRetailAppUITests.m */; };
/* End PBXBuildFile section */

/* Begin PBXContainerItemProxy section */
		E5E70D301EE554060097E5AE /* PBXContainerItemProxy */ = {
			isa = PBXContainerItemProxy;
			containerPortal = E5E70D0B1EE554050097E5AE /* Project object */;
			proxyType = 1;
			remoteGlobalIDString = E5E70D121EE554050097E5AE;
			remoteInfo = cloneRetailApp;
		};
		E5E70D3B1EE554060097E5AE /* PBXContainerItemProxy */ = {
			isa = PBXContainerItemProxy;
			containerPortal = E5E70D0B1EE554050097E5AE /* Project object */;
			proxyType = 1;
			remoteGlobalIDString = E5E70D121EE554050097E5AE;
			remoteInfo = cloneRetailApp;
		};
/* End PBXContainerItemProxy section */

/* Begin PBXFileReference section */
		E5E70D131EE554050097E5AE /* cloneRetailApp.app */ = {isa = PBXFileReference; explicitFileType = wrapper.application; includeInIndex = 0; path = cloneRetailApp.app; sourceTree = BUILT_PRODUCTS_DIR; };
		E5E70D171EE554050097E5AE /* main.m */ = {isa = PBXFileReference; lastKnownFileType = sourcecode.c.objc; path = main.m; sourceTree = "<group>"; };
		E5E70D191EE554050097E5AE /* AppDelegate.h */ = {isa = PBXFileReference; lastKnownFileType = sourcecode.c.h; path = AppDelegate.h; sourceTree = "<group>"; };
		E5E70D1A1EE554050097E5AE /* AppDelegate.m */ = {isa = PBXFileReference; lastKnownFileType = sourcecode.c.objc; path = AppDelegate.m; sourceTree = "<group>"; };
		E5E70D1C1EE554050097E5AE /* ViewController.h */ = {isa = PBXFileReference; lastKnownFileType = sourcecode.c.h; path = ViewController.h; sourceTree = "<group>"; };
		E5E70D1D1EE554050097E5AE /* ViewController.m */ = {isa = PBXFileReference; lastKnownFileType = sourcecode.c.objc; path = ViewController.m; sourceTree = "<group>"; };
		E5E70D201EE554050097E5AE /* Base */ = {isa = PBXFileReference; lastKnownFileType = file.storyboard; name = Base; path = Base.lproj/Main.storyboard; sourceTree = "<group>"; };
		E5E70D231EE554050097E5AE /* cloneRetailApp.xcdatamodel */ = {isa = PBXFileReference; lastKnownFileType = wrapper.xcdatamodel; path = cloneRetailApp.xcdatamodel; sourceTree = "<group>"; };
		E5E70D251EE554050097E5AE /* Assets.xcassets */ = {isa = PBXFileReference; lastKnownFileType = folder.assetcatalog; path = Assets.xcassets; sourceTree = "<group>"; };
		E5E70D281EE554050097E5AE /* Base */ = {isa = PBXFileReference; lastKnownFileType = file.storyboard; name = Base; path = Base.lproj/LaunchScreen.storyboard; sourceTree = "<group>"; };
		E5E70D2A1EE554050097E5AE /* Info.plist */ = {isa = PBXFileReference; lastKnownFileType = text.plist.xml; path = Info.plist; sourceTree = "<group>"; };
		E5E70D2F1EE554060097E5AE /* cloneRetailAppTests.xctest */ = {isa = PBXFileReference; explicitFileType = wrapper.cfbundle; includeInIndex = 0; path = cloneRetailAppTests.xctest; sourceTree = BUILT_PRODUCTS_DIR; };
		E5E70D331EE554060097E5AE /* cloneRetailAppTests.m */ = {isa = PBXFileReference; lastKnownFileType = sourcecode.c.objc; path = cloneRetailAppTests.m; sourceTree = "<group>"; };
		E5E70D351EE554060097E5AE /* Info.plist */ = {isa = PBXFileReference; lastKnownFileType = text.plist.xml; path = Info.plist; sourceTree = "<group>"; };
		E5E70D3A1EE554060097E5AE /* cloneRetailAppUITests.xctest */ = {isa = PBXFileReference; explicitFileType = wrapper.cfbundle; includeInIndex = 0; path = cloneRetailAppUITests.xctest; sourceTree = BUILT_PRODUCTS_DIR; };
		E5E70D3E1EE554060097E5AE /* cloneRetailAppUITests.m */ = {isa = PBXFileReference; lastKnownFileType = sourcecode.c.objc; path = cloneRetailAppUITests.m; sourceTree = "<group>"; };
		E5E70D401EE554060097E5AE /* Info.plist */ = {isa = PBXFileReference; lastKnownFileType = text.plist.xml; path = Info.plist; sourceTree = "<group>"; };
/* End PBXFileReference section */

/* Begin PBXFrameworksBuildPhase section */
		E5E70D101EE554050097E5AE /* Frameworks */ = {
			isa = PBXFrameworksBuildPhase;
			buildActionMask = 2147483647;
			files = (
			);
			runOnlyForDeploymentPostprocessing = 0;
		};
		E5E70D2C1EE554060097E5AE /* Frameworks */ = {
			isa = PBXFrameworksBuildPhase;
			buildActionMask = 2147483647;
			files = (
			);
			runOnlyForDeploymentPostprocessing = 0;
		};
		E5E70D371EE554060097E5AE /* Frameworks */ = {
			isa = PBXFrameworksBuildPhase;
			buildActionMask = 2147483647;
			files = (
			);
			runOnlyForDeploymentPostprocessing = 0;
		};
/* End PBXFrameworksBuildPhase section */

/* Begin PBXGroup section */
		E5E70D0A1EE554050097E5AE = {
			isa = PBXGroup;
			children = (
				E5E70D151EE554050097E5AE /* cloneRetailApp */,
				E5E70D321EE554060097E5AE /* cloneRetailAppTests */,
				E5E70D3D1EE554060097E5AE /* cloneRetailAppUITests */,
				E5E70D141EE554050097E5AE /* Products */,
			);
			sourceTree = "<group>";
		};
		E5E70D141EE554050097E5AE /* Products */ = {
			isa = PBXGroup;
			children = (
				E5E70D131EE554050097E5AE /* cloneRetailApp.app */,
				E5E70D2F1EE554060097E5AE /* cloneRetailAppTests.xctest */,
				E5E70D3A1EE554060097E5AE /* cloneRetailAppUITests.xctest */,
			);
			name = Products;
			sourceTree = "<group>";
		};
		E5E70D151EE554050097E5AE /* cloneRetailApp */ = {
			isa = PBXGroup;
			children = (
				E5E70D191EE554050097E5AE /* AppDelegate.h */,
				E5E70D1A1EE554050097E5AE /* AppDelegate.m */,
				E5E70D1C1EE554050097E5AE /* ViewController.h */,
				E5E70D1D1EE554050097E5AE /* ViewController.m */,
				E5E70D1F1EE554050097E5AE /* Main.storyboard */,
				E5E70D251EE554050097E5AE /* Assets.xcassets */,
				E5E70D271EE554050097E5AE /* LaunchScreen.storyboard */,
				E5E70D2A1EE554050097E5AE /* Info.plist */,
				E5E70D221EE554050097E5AE /* cloneRetailApp.xcdatamodeld */,
				E5E70D161EE554050097E5AE /* Supporting Files */,
			);
			path = cloneRetailApp;
			sourceTree = "<group>";
		};
		E5E70D161EE554050097E5AE /* Supporting Files */ = {
			isa = PBXGroup;
			children = (
				E5E70D171EE554050097E5AE /* main.m */,
			);
			name = "Supporting Files";
			sourceTree = "<group>";
		};
		E5E70D321EE554060097E5AE /* cloneRetailAppTests */ = {
			isa = PBXGroup;
			children = (
				E5E70D331EE554060097E5AE /* cloneRetailAppTests.m */,
				E5E70D351EE554060097E5AE /* Info.plist */,
			);
			path = cloneRetailAppTests;
			sourceTree = "<group>";
		};
		E5E70D3D1EE554060097E5AE /* cloneRetailAppUITests */ = {
			isa = PBXGroup;
			children = (
				E5E70D3E1EE554060097E5AE /* cloneRetailAppUITests.m */,
				E5E70D401EE554060097E5AE /* Info.plist */,
			);
			path = cloneRetailAppUITests;
			sourceTree = "<group>";
		};
/* End PBXGroup section */

/* Begin PBXNativeTarget section */
		E5E70D121EE554050097E5AE /* cloneRetailApp */ = {
			isa = PBXNativeTarget;
			buildConfigurationList = E5E70D431EE554060097E5AE /* Build configuration list for PBXNativeTarget "cloneRetailApp" */;
			buildPhases = (
				E5E70D0F1EE554050097E5AE /* Sources */,
				E5E70D101EE554050097E5AE /* Frameworks */,
				E5E70D111EE554050097E5AE /* Resources */,
			);
			buildRules = (
			);
			dependencies = (
			);
			name = cloneRetailApp;
			productName = cloneRetailApp;
			productReference = E5E70D131EE554050097E5AE /* cloneRetailApp.app */;
			productType = "com.apple.product-type.application";
		};
		E5E70D2E1EE554060097E5AE /* cloneRetailAppTests */ = {
			isa = PBXNativeTarget;
			buildConfigurationList = E5E70D461EE554060097E5AE /* Build configuration list for PBXNativeTarget "cloneRetailAppTests" */;
			buildPhases = (
				E5E70D2B1EE554060097E5AE /* Sources */,
				E5E70D2C1EE554060097E5AE /* Frameworks */,
				E5E70D2D1EE554060097E5AE /* Resources */,
			);
			buildRules = (
			);
			dependencies = (
				E5E70D311EE554060097E5AE /* PBXTargetDependency */,
			);
			name = cloneRetailAppTests;
			productName = cloneRetailAppTests;
			productReference = E5E70D2F1EE554060097E5AE /* cloneRetailAppTests.xctest */;
			productType = "com.apple.product-type.bundle.unit-test";
		};
		E5E70D391EE554060097E5AE /* cloneRetailAppUITests */ = {
			isa = PBXNativeTarget;
			buildConfigurationList = E5E70D491EE554060097E5AE /* Build configuration list for PBXNativeTarget "cloneRetailAppUITests" */;
			buildPhases = (
				E5E70D361EE554060097E5AE /* Sources */,
				E5E70D371EE554060097E5AE /* Frameworks */,
				E5E70D381EE554060097E5AE /* Resources */,
			);
			buildRules = (
			);
			dependencies = (
				E5E70D3C1EE554060097E5AE /* PBXTargetDependency */,
			);
			name = cloneRetailAppUITests;
			productName = cloneRetailAppUITests;
			productReference = E5E70D3A1EE554060097E5AE /* cloneRetailAppUITests.xctest */;
			productType = "com.apple.product-type.bundle.ui-testing";
		};
/* End PBXNativeTarget section */

/* Begin PBXProject section */
		E5E70D0B1EE554050097E5AE /* Project object */ = {
			isa = PBXProject;
			attributes = {
				LastUpgradeCheck = 0820;
				ORGANIZATIONNAME = wuwangwo;
				TargetAttributes = {
					E5E70D121EE554050097E5AE = {
						CreatedOnToolsVersion = 8.2.1;
						ProvisioningStyle = Automatic;
					};
					E5E70D2E1EE554060097E5AE = {
						CreatedOnToolsVersion = 8.2.1;
						ProvisioningStyle = Automatic;
						TestTargetID = E5E70D121EE554050097E5AE;
					};
					E5E70D391EE554060097E5AE = {
						CreatedOnToolsVersion = 8.2.1;
						ProvisioningStyle = Automatic;
						TestTargetID = E5E70D121EE554050097E5AE;
					};
				};
			};
			buildConfigurationList = E5E70D0E1EE554050097E5AE /* Build configuration list for PBXProject "cloneRetailApp" */;
			compatibilityVersion = "Xcode 3.2";
			developmentRegion = English;
			hasScannedForEncodings = 0;
			knownRegions = (
				en,
				Base,
			);
			mainGroup = E5E70D0A1EE554050097E5AE;
			productRefGroup = E5E70D141EE554050097E5AE /* Products */;
			projectDirPath = "";
			projectRoot = "";
			targets = (
				E5E70D121EE554050097E5AE /* cloneRetailApp */,
				E5E70D2E1EE554060097E5AE /* cloneRetailAppTests */,
				E5E70D391EE554060097E5AE /* cloneRetailAppUITests */,
			);
		};
/* End PBXProject section */

/* Begin PBXResourcesBuildPhase section */
		E5E70D111EE554050097E5AE /* Resources */ = {
			isa = PBXResourcesBuildPhase;
			buildActionMask = 2147483647;
			files = (
				E5E70D291EE554050097E5AE /* LaunchScreen.storyboard in Resources */,
				E5E70D261EE554050097E5AE /* Assets.xcassets in Resources */,
				E5E70D211EE554050097E5AE /* Main.storyboard in Resources */,
			);
			runOnlyForDeploymentPostprocessing = 0;
		};
		E5E70D2D1EE554060097E5AE /* Resources */ = {
			isa = PBXResourcesBuildPhase;
			buildActionMask = 2147483647;
			files = (
			);
			runOnlyForDeploymentPostprocessing = 0;
		};
		E5E70D381EE554060097E5AE /* Resources */ = {
			isa = PBXResourcesBuildPhase;
			buildActionMask = 2147483647;
			files = (
			);
			runOnlyForDeploymentPostprocessing = 0;
		};
/* End PBXResourcesBuildPhase section */

/* Begin PBXSourcesBuildPhase section */
		E5E70D0F1EE554050097E5AE /* Sources */ = {
			isa = PBXSourcesBuildPhase;
			buildActionMask = 2147483647;
			files = (
				E5E70D1E1EE554050097E5AE /* ViewController.m in Sources */,
				E5E70D1B1EE554050097E5AE /* AppDelegate.m in Sources */,
				E5E70D241EE554050097E5AE /* cloneRetailApp.xcdatamodeld in Sources */,
				E5E70D181EE554050097E5AE /* main.m in Sources */,
			);
			runOnlyForDeploymentPostprocessing = 0;
		};
		E5E70D2B1EE554060097E5AE /* Sources */ = {
			isa = PBXSourcesBuildPhase;
			buildActionMask = 2147483647;
			files = (
				E5E70D341EE554060097E5AE /* cloneRetailAppTests.m in Sources */,
			);
			runOnlyForDeploymentPostprocessing = 0;
		};
		E5E70D361EE554060097E5AE /* Sources */ = {
			isa = PBXSourcesBuildPhase;
			buildActionMask = 2147483647;
			files = (
				E5E70D3F1EE554060097E5AE /* cloneRetailAppUITests.m in Sources */,
			);
			runOnlyForDeploymentPostprocessing = 0;
		};
/* End PBXSourcesBuildPhase section */

/* Begin PBXTargetDependency section */
		E5E70D311EE554060097E5AE /* PBXTargetDependency */ = {
			isa = PBXTargetDependency;
			target = E5E70D121EE554050097E5AE /* cloneRetailApp */;
			targetProxy = E5E70D301EE554060097E5AE /* PBXContainerItemProxy */;
		};
		E5E70D3C1EE554060097E5AE /* PBXTargetDependency */ = {
			isa = PBXTargetDependency;
			target = E5E70D121EE554050097E5AE /* cloneRetailApp */;
			targetProxy = E5E70D3B1EE554060097E5AE /* PBXContainerItemProxy */;
		};
/* End PBXTargetDependency section */

/* Begin PBXVariantGroup section */
		E5E70D1F1EE554050097E5AE /* Main.storyboard */ = {
			isa = PBXVariantGroup;
			children = (
				E5E70D201EE554050097E5AE /* Base */,
			);
			name = Main.storyboard;
			sourceTree = "<group>";
		};
		E5E70D271EE554050097E5AE /* LaunchScreen.storyboard */ = {
			isa = PBXVariantGroup;
			children = (
				E5E70D281EE554050097E5AE /* Base */,
			);
			name = LaunchScreen.storyboard;
			sourceTree = "<group>";
		};
/* End PBXVariantGroup section */

/* Begin XCBuildConfiguration section */
		E5E70D411EE554060097E5AE /* Debug */ = {
			isa = XCBuildConfiguration;
			buildSettings = {
				ALWAYS_SEARCH_USER_PATHS = NO;
				CLANG_ANALYZER_NONNULL = YES;
				CLANG_CXX_LANGUAGE_STANDARD = "gnu++0x";
				CLANG_CXX_LIBRARY = "libc++";
				CLANG_ENABLE_MODULES = YES;
				CLANG_ENABLE_OBJC_ARC = YES;
				CLANG_WARN_BOOL_CONVERSION = YES;
				CLANG_WARN_CONSTANT_CONVERSION = YES;
				CLANG_WARN_DIRECT_OBJC_ISA_USAGE = YES_ERROR;
				CLANG_WARN_DOCUMENTATION_COMMENTS = YES;
				CLANG_WARN_EMPTY_BODY = YES;
				CLANG_WARN_ENUM_CONVERSION = YES;
				CLANG_WARN_INFINITE_RECURSION = YES;
				CLANG_WARN_INT_CONVERSION = YES;
				CLANG_WARN_OBJC_ROOT_CLASS = YES_ERROR;
				CLANG_WARN_SUSPICIOUS_MOVE = YES;
				CLANG_WARN_UNREACHABLE_CODE = YES;
				CLANG_WARN__DUPLICATE_METHOD_MATCH = YES;
				"CODE_SIGN_IDENTITY[sdk=iphoneos*]" = "iPhone Developer";
				COPY_PHASE_STRIP = NO;
				DEBUG_INFORMATION_FORMAT = dwarf;
				ENABLE_STRICT_OBJC_MSGSEND = YES;
				ENABLE_TESTABILITY = YES;
				GCC_C_LANGUAGE_STANDARD = gnu99;
				GCC_DYNAMIC_NO_PIC = NO;
				GCC_NO_COMMON_BLOCKS = YES;
				GCC_OPTIMIZATION_LEVEL = 0;
				GCC_PREPROCESSOR_DEFINITIONS = (
					"DEBUG=1",
					"$(inherited)",
				);
				GCC_WARN_64_TO_32_BIT_CONVERSION = YES;
				GCC_WARN_ABOUT_RETURN_TYPE = YES_ERROR;
				GCC_WARN_UNDECLARED_SELECTOR = YES;
				GCC_WARN_UNINITIALIZED_AUTOS = YES_AGGRESSIVE;
				GCC_WARN_UNUSED_FUNCTION = YES;
				GCC_WARN_UNUSED_VARIABLE = YES;
				IPHONEOS_DEPLOYMENT_TARGET = 10.2;
				MTL_ENABLE_DEBUG_INFO = YES;
				ONLY_ACTIVE_ARCH = YES;
				SDKROOT = iphoneos;
				TARGETED_DEVICE_FAMILY = "1,2";
			};
			name = Debug;
		};
		E5E70D421EE554060097E5AE /* Release */ = {
			isa = XCBuildConfiguration;
			buildSettings = {
				ALWAYS_SEARCH_USER_PATHS = NO;
				CLANG_ANALYZER_NONNULL = YES;
				CLANG_CXX_LANGUAGE_STANDARD = "gnu++0x";
				CLANG_CXX_LIBRARY = "libc++";
				CLANG_ENABLE_MODULES = YES;
				CLANG_ENABLE_OBJC_ARC = YES;
				CLANG_WARN_BOOL_CONVERSION = YES;
				CLANG_WARN_CONSTANT_CONVERSION = YES;
				CLANG_WARN_DIRECT_OBJC_ISA_USAGE = YES_ERROR;
				CLANG_WARN_DOCUMENTATION_COMMENTS = YES;
				CLANG_WARN_EMPTY_BODY = YES;
				CLANG_WARN_ENUM_CONVERSION = YES;
				CLANG_WARN_INFINITE_RECURSION = YES;
				CLANG_WARN_INT_CONVERSION = YES;
				CLANG_WARN_OBJC_ROOT_CLASS = YES_ERROR;
				CLANG_WARN_SUSPICIOUS_MOVE = YES;
				CLANG_WARN_UNREACHABLE_CODE = YES;
				CLANG_WARN__DUPLICATE_METHOD_MATCH = YES;
				"CODE_SIGN_IDENTITY[sdk=iphoneos*]" = "iPhone Developer";
				COPY_PHASE_STRIP = NO;
				DEBUG_INFORMATION_FORMAT = "dwarf-with-dsym";
				ENABLE_NS_ASSERTIONS = NO;
				ENABLE_STRICT_OBJC_MSGSEND = YES;
				GCC_C_LANGUAGE_STANDARD = gnu99;
				GCC_NO_COMMON_BLOCKS = YES;
				GCC_WARN_64_TO_32_BIT_CONVERSION = YES;
				GCC_WARN_ABOUT_RETURN_TYPE = YES_ERROR;
				GCC_WARN_UNDECLARED_SELECTOR = YES;
				GCC_WARN_UNINITIALIZED_AUTOS = YES_AGGRESSIVE;
				GCC_WARN_UNUSED_FUNCTION = YES;
				GCC_WARN_UNUSED_VARIABLE = YES;
				IPHONEOS_DEPLOYMENT_TARGET = 10.2;
				MTL_ENABLE_DEBUG_INFO = NO;
				SDKROOT = iphoneos;
				TARGETED_DEVICE_FAMILY = "1,2";
				VALIDATE_PRODUCT = YES;
			};
			name = Release;
		};
		E5E70D441EE554060097E5AE /* Debug */ = {
			isa = XCBuildConfiguration;
			buildSettings = {
				ASSETCATALOG_COMPILER_APPICON_NAME = AppIcon;
				INFOPLIST_FILE = cloneRetailApp/Info.plist;
				LD_RUNPATH_SEARCH_PATHS = "$(inherited) @executable_path/Frameworks";
				PRODUCT_BUNDLE_IDENTIFIER = com.2dfire.cloneRetailApp;
				PRODUCT_NAME = "$(TARGET_NAME)";
			};
			name = Debug;
		};
		E5E70D451EE554060097E5AE /* Release */ = {
			isa = XCBuildConfiguration;
			buildSettings = {
				ASSETCATALOG_COMPILER_APPICON_NAME = AppIcon;
				INFOPLIST_FILE = cloneRetailApp/Info.plist;
				LD_RUNPATH_SEARCH_PATHS = "$(inherited) @executable_path/Frameworks";
				PRODUCT_BUNDLE_IDENTIFIER = com.2dfire.cloneRetailApp;
				PRODUCT_NAME = "$(TARGET_NAME)";
			};
			name = Release;
		};
		E5E70D471EE554060097E5AE /* Debug */ = {
			isa = XCBuildConfiguration;
			buildSettings = {
				BUNDLE_LOADER = "$(TEST_HOST)";
				INFOPLIST_FILE = cloneRetailAppTests/Info.plist;
				LD_RUNPATH_SEARCH_PATHS = "$(inherited) @executable_path/Frameworks @loader_path/Frameworks";
				PRODUCT_BUNDLE_IDENTIFIER = com.2dfire.cloneRetailAppTests;
				PRODUCT_NAME = "$(TARGET_NAME)";
				TEST_HOST = "$(BUILT_PRODUCTS_DIR)/cloneRetailApp.app/cloneRetailApp";
			};
			name = Debug;
		};
		E5E70D481EE554060097E5AE /* Release */ = {
			isa = XCBuildConfiguration;
			buildSettings = {
				BUNDLE_LOADER = "$(TEST_HOST)";
				INFOPLIST_FILE = cloneRetailAppTests/Info.plist;
				LD_RUNPATH_SEARCH_PATHS = "$(inherited) @executable_path/Frameworks @loader_path/Frameworks";
				PRODUCT_BUNDLE_IDENTIFIER = com.2dfire.cloneRetailAppTests;
				PRODUCT_NAME = "$(TARGET_NAME)";
				TEST_HOST = "$(BUILT_PRODUCTS_DIR)/cloneRetailApp.app/cloneRetailApp";
			};
			name = Release;
		};
		E5E70D4A1EE554060097E5AE /* Debug */ = {
			isa = XCBuildConfiguration;
			buildSettings = {
				INFOPLIST_FILE = cloneRetailAppUITests/Info.plist;
				LD_RUNPATH_SEARCH_PATHS = "$(inherited) @executable_path/Frameworks @loader_path/Frameworks";
				PRODUCT_BUNDLE_IDENTIFIER = com.2dfire.cloneRetailAppUITests;
				PRODUCT_NAME = "$(TARGET_NAME)";
				TEST_TARGET_NAME = cloneRetailApp;
			};
			name = Debug;
		};
		E5E70D4B1EE554060097E5AE /* Release */ = {
			isa = XCBuildConfiguration;
			buildSettings = {
				INFOPLIST_FILE = cloneRetailAppUITests/Info.plist;
				LD_RUNPATH_SEARCH_PATHS = "$(inherited) @executable_path/Frameworks @loader_path/Frameworks";
				PRODUCT_BUNDLE_IDENTIFIER = com.2dfire.cloneRetailAppUITests;
				PRODUCT_NAME = "$(TARGET_NAME)";
				TEST_TARGET_NAME = cloneRetailApp;
			};
			name = Release;
		};
/* End XCBuildConfiguration section */

/* Begin XCConfigurationList section */
		E5E70D0E1EE554050097E5AE /* Build configuration list for PBXProject "cloneRetailApp" */ = {
			isa = XCConfigurationList;
			buildConfigurations = (
				E5E70D411EE554060097E5AE /* Debug */,
				E5E70D421EE554060097E5AE /* Release */,
			);
			defaultConfigurationIsVisible = 0;
			defaultConfigurationName = Release;
		};
		E5E70D431EE554060097E5AE /* Build configuration list for PBXNativeTarget "cloneRetailApp" */ = {
			isa = XCConfigurationList;
			buildConfigurations = (
				E5E70D441EE554060097E5AE /* Debug */,
				E5E70D451EE554060097E5AE /* Release */,
			);
			defaultConfigurationIsVisible = 0;
		};
		E5E70D461EE554060097E5AE /* Build configuration list for PBXNativeTarget "cloneRetailAppTests" */ = {
			isa = XCConfigurationList;
			buildConfigurations = (
				E5E70D471EE554060097E5AE /* Debug */,
				E5E70D481EE554060097E5AE /* Release */,
			);
			defaultConfigurationIsVisible = 0;
		};
		E5E70D491EE554060097E5AE /* Build configuration list for PBXNativeTarget "cloneRetailAppUITests" */ = {
			isa = XCConfigurationList;
			buildConfigurations = (
				E5E70D4A1EE554060097E5AE /* Debug */,
				E5E70D4B1EE554060097E5AE /* Release */,
			);
			defaultConfigurationIsVisible = 0;
		};
/* End XCConfigurationList section */

/* Begin XCVersionGroup section */
		E5E70D221EE554050097E5AE /* cloneRetailApp.xcdatamodeld */ = {
			isa = XCVersionGroup;
			children = (
				E5E70D231EE554050097E5AE /* cloneRetailApp.xcdatamodel */,
			);
			currentVersion = E5E70D231EE554050097E5AE /* cloneRetailApp.xcdatamodel */;
			path = cloneRetailApp.xcdatamodeld;
			sourceTree = "<group>";
			versionGroupType = wrapper.xcdatamodel;
		};
/* End XCVersionGroup section */
	};
	rootObject = E5E70D0B1EE554050097E5AE /* Project object */;
}
